
Microsoft Visual Studio Solution File, Format Version 12.00
# Visual Studio Version 16
VisualStudioVersion = 16.0.30011.22
MinimumVisualStudioVersion = 10.0.40219.1
Project("{FAE04EC0-301F-11D3-BF4B-00C04F79EFBC}") = "ImageGalleryProject", "ImageGalleryProject.csproj", "{923CF85E-CF3B-47F4-8421-4C5384B48D55}"
EndProject
Global
	GlobalSection(SolutionConfigurationPlatforms) = preSolution
		Debug|Any CPU = Debug|Any CPU
		Release|Any CPU = Release|Any CPU
	EndGlobalSection
	GlobalSection(ProjectConfigurationPlatforms) = postSolution
		{923CF85E-CF3B-47F4-8421-4C5384B48D55}.Debug|Any CPU.ActiveCfg = Debug|Any CPU
		{923CF85E-CF3B-47F4-8421-4C5384B48D55}.Debug|Any CPU.Build.0 = Debug|Any CPU
		{923CF85E-CF3B-47F4-8421-4C5384B48D55}.Release|Any CPU.ActiveCfg = Release|Any CPU
		{923CF85E-CF3B-47F4-8421-4C5384B48D55}.Release|Any CPU.Build.0 = Release|Any CPU
	EndGlobalSection
	GlobalSection(SolutionProperties) = preSolution
		HideSolutionNode = FALSE
	EndGlobalSection
	GlobalSection(ExtensibilityGlobals) = postSolution
		SolutionGuid = {3EC68E4D-F874-49B7-A821-05E7A02B10E7}
	EndGlobalSection
EndGlobal
